// !$*UTF8*$!
{
	archiveVersion = 1;
	classes = {
	};
	objectVersion = 48;
	objects = {

/* Begin PBXBuildFile section */
		22449C541FBAF97F00585691 /* ExtensionUIViewController.swift in Sources */ = {isa = PBXBuildFile; fileRef = 22449C531FBAF97F00585691 /* ExtensionUIViewController.swift */; };
		225B7E031FBDEFD000842583 /* User.swift in Sources */ = {isa = PBXBuildFile; fileRef = 225B7DFB1FBDEFCF00842583 /* User.swift */; };
		225B7E041FBDEFD000842583 /* Product.swift in Sources */ = {isa = PBXBuildFile; fileRef = 225B7DFC1FBDEFD000842583 /* Product.swift */; };
		225B7E051FBDEFD000842583 /* List.swift in Sources */ = {isa = PBXBuildFile; fileRef = 225B7DFD1FBDEFD000842583 /* List.swift */; };
		225B7E061FBDEFD000842583 /* List+CoreDataProperties.swift in Sources */ = {isa = PBXBuildFile; fileRef = 225B7DFE1FBDEFD000842583 /* List+CoreDataProperties.swift */; };
		225B7E071FBDEFD000842583 /* User+CoreDataProperties.swift in Sources */ = {isa = PBXBuildFile; fileRef = 225B7DFF1FBDEFD000842583 /* User+CoreDataProperties.swift */; };
		225B7E081FBDEFD000842583 /* History.swift in Sources */ = {isa = PBXBuildFile; fileRef = 225B7E001FBDEFD000842583 /* History.swift */; };
		225B7E091FBDEFD000842583 /* History+CoreDataProperties.swift in Sources */ = {isa = PBXBuildFile; fileRef = 225B7E011FBDEFD000842583 /* History+CoreDataProperties.swift */; };
		225B7E0A1FBDEFD000842583 /* Product+CoreDataProperties.swift in Sources */ = {isa = PBXBuildFile; fileRef = 225B7E021FBDEFD000842583 /* Product+CoreDataProperties.swift */; };
		2260E1751FB9857A00B0915B /* ProductsTableViewController.swift in Sources */ = {isa = PBXBuildFile; fileRef = 2260E1741FB9857A00B0915B /* ProductsTableViewController.swift */; };
		2260E1771FB985A700B0915B /* AddProductView.swift in Sources */ = {isa = PBXBuildFile; fileRef = 2260E1761FB985A700B0915B /* AddProductView.swift */; };
		2260E1791FB9866400B0915B /* UsersTableViewController.swift in Sources */ = {isa = PBXBuildFile; fileRef = 2260E1781FB9866400B0915B /* UsersTableViewController.swift */; };
		2260E17B1FB9890100B0915B /* NewUserViewController.swift in Sources */ = {isa = PBXBuildFile; fileRef = 2260E17A1FB9890100B0915B /* NewUserViewController.swift */; };
		2260E17D1FB9893900B0915B /* HistoryTableViewController.swift in Sources */ = {isa = PBXBuildFile; fileRef = 2260E17C1FB9893900B0915B /* HistoryTableViewController.swift */; };
		2260E17F1FB9897100B0915B /* SellProductsTableView.swift in Sources */ = {isa = PBXBuildFile; fileRef = 2260E17E1FB9897100B0915B /* SellProductsTableView.swift */; };
		2260E1811FB9899A00B0915B /* ProductViewController.swift in Sources */ = {isa = PBXBuildFile; fileRef = 2260E1801FB9899A00B0915B /* ProductViewController.swift */; };
		2260E1831FB98A0000B0915B /* SettingsViewController.swift in Sources */ = {isa = PBXBuildFile; fileRef = 2260E1821FB98A0000B0915B /* SettingsViewController.swift */; };
		2260E1851FB98A1300B0915B /* ClosureViewController.swift in Sources */ = {isa = PBXBuildFile; fileRef = 2260E1841FB98A1300B0915B /* ClosureViewController.swift */; };
		2260E1881FB9AD6E00B0915B /* Main.storyboard in Resources */ = {isa = PBXBuildFile; fileRef = 2260E1861FB9AD6D00B0915B /* Main.storyboard */; };
		2260E1891FB9AD6E00B0915B /* LaunchScreen.storyboard in Resources */ = {isa = PBXBuildFile; fileRef = 2260E1871FB9AD6D00B0915B /* LaunchScreen.storyboard */; };
		2267F2DD1FB5D71A0074ABA4 /* AppDelegate.swift in Sources */ = {isa = PBXBuildFile; fileRef = 2267F2DC1FB5D71A0074ABA4 /* AppDelegate.swift */; };
		2267F2DF1FB5D71A0074ABA4 /* InitialViewController.swift in Sources */ = {isa = PBXBuildFile; fileRef = 2267F2DE1FB5D71A0074ABA4 /* InitialViewController.swift */; };
		2267F2E51FB5D71B0074ABA4 /* Admon.xcdatamodeld in Sources */ = {isa = PBXBuildFile; fileRef = 2267F2E31FB5D71B0074ABA4 /* Admon.xcdatamodeld */; };
		2267F2E71FB5D71B0074ABA4 /* Assets.xcassets in Resources */ = {isa = PBXBuildFile; fileRef = 2267F2E61FB5D71B0074ABA4 /* Assets.xcassets */; };
		226F03261FB6CCB20099AD1E /* LoginViewController.swift in Sources */ = {isa = PBXBuildFile; fileRef = 226F03251FB6CCB20099AD1E /* LoginViewController.swift */; };
		226F03281FB6CCD30099AD1E /* RegisterViewController.swift in Sources */ = {isa = PBXBuildFile; fileRef = 226F03271FB6CCD30099AD1E /* RegisterViewController.swift */; };
		226F032A1FB6CD720099AD1E /* PrincipalViewController.swift in Sources */ = {isa = PBXBuildFile; fileRef = 226F03291FB6CD720099AD1E /* PrincipalViewController.swift */; };
		679E5850BDFC84081DBD76A9 /* Pods_Admon.framework in Frameworks */ = {isa = PBXBuildFile; fileRef = 01BD9C5F192EBDD5114DB3B1 /* Pods_Admon.framework */; };
/* End PBXBuildFile section */

/* Begin PBXFileReference section */
		01BD9C5F192EBDD5114DB3B1 /* Pods_Admon.framework */ = {isa = PBXFileReference; explicitFileType = wrapper.framework; includeInIndex = 0; path = Pods_Admon.framework; sourceTree = BUILT_PRODUCTS_DIR; };
		22449C531FBAF97F00585691 /* ExtensionUIViewController.swift */ = {isa = PBXFileReference; lastKnownFileType = sourcecode.swift; path = ExtensionUIViewController.swift; sourceTree = "<group>"; };
		225B7DFB1FBDEFCF00842583 /* User.swift */ = {isa = PBXFileReference; fileEncoding = 4; lastKnownFileType = sourcecode.swift; path = User.swift; sourceTree = "<group>"; };
		225B7DFC1FBDEFD000842583 /* Product.swift */ = {isa = PBXFileReference; fileEncoding = 4; lastKnownFileType = sourcecode.swift; path = Product.swift; sourceTree = "<group>"; };
		225B7DFD1FBDEFD000842583 /* List.swift */ = {isa = PBXFileReference; fileEncoding = 4; lastKnownFileType = sourcecode.swift; path = List.swift; sourceTree = "<group>"; };
		225B7DFE1FBDEFD000842583 /* List+CoreDataProperties.swift */ = {isa = PBXFileReference; fileEncoding = 4; lastKnownFileType = sourcecode.swift; path = "List+CoreDataProperties.swift"; sourceTree = "<group>"; };
		225B7DFF1FBDEFD000842583 /* User+CoreDataProperties.swift */ = {isa = PBXFileReference; fileEncoding = 4; lastKnownFileType = sourcecode.swift; path = "User+CoreDataProperties.swift"; sourceTree = "<group>"; };
		225B7E001FBDEFD000842583 /* History.swift */ = {isa = PBXFileReference; fileEncoding = 4; lastKnownFileType = sourcecode.swift; path = History.swift; sourceTree = "<group>"; };
		225B7E011FBDEFD000842583 /* History+CoreDataProperties.swift */ = {isa = PBXFileReference; fileEncoding = 4; lastKnownFileType = sourcecode.swift; path = "History+CoreDataProperties.swift"; sourceTree = "<group>"; };
		225B7E021FBDEFD000842583 /* Product+CoreDataProperties.swift */ = {isa = PBXFileReference; fileEncoding = 4; lastKnownFileType = sourcecode.swift; path = "Product+CoreDataProperties.swift"; sourceTree = "<group>"; };
		2260E1741FB9857A00B0915B /* ProductsTableViewController.swift */ = {isa = PBXFileReference; lastKnownFileType = sourcecode.swift; path = ProductsTableViewController.swift; sourceTree = "<group>"; };
		2260E1761FB985A700B0915B /* AddProductView.swift */ = {isa = PBXFileReference; lastKnownFileType = sourcecode.swift; path = AddProductView.swift; sourceTree = "<group>"; };
		2260E1781FB9866400B0915B /* UsersTableViewController.swift */ = {isa = PBXFileReference; lastKnownFileType = sourcecode.swift; path = UsersTableViewController.swift; sourceTree = "<group>"; };
		2260E17A1FB9890100B0915B /* NewUserViewController.swift */ = {isa = PBXFileReference; lastKnownFileType = sourcecode.swift; path = NewUserViewController.swift; sourceTree = "<group>"; };
		2260E17C1FB9893900B0915B /* HistoryTableViewController.swift */ = {isa = PBXFileReference; lastKnownFileType = sourcecode.swift; path = HistoryTableViewController.swift; sourceTree = "<group>"; };
		2260E17E1FB9897100B0915B /* SellProductsTableView.swift */ = {isa = PBXFileReference; lastKnownFileType = sourcecode.swift; path = SellProductsTableView.swift; sourceTree = "<group>"; };
		2260E1801FB9899A00B0915B /* ProductViewController.swift */ = {isa = PBXFileReference; lastKnownFileType = sourcecode.swift; path = ProductViewController.swift; sourceTree = "<group>"; };
		2260E1821FB98A0000B0915B /* SettingsViewController.swift */ = {isa = PBXFileReference; lastKnownFileType = sourcecode.swift; path = SettingsViewController.swift; sourceTree = "<group>"; };
		2260E1841FB98A1300B0915B /* ClosureViewController.swift */ = {isa = PBXFileReference; lastKnownFileType = sourcecode.swift; path = ClosureViewController.swift; sourceTree = "<group>"; };
		2260E1861FB9AD6D00B0915B /* Main.storyboard */ = {isa = PBXFileReference; fileEncoding = 4; lastKnownFileType = file.storyboard; path = Main.storyboard; sourceTree = "<group>"; };
		2260E1871FB9AD6D00B0915B /* LaunchScreen.storyboard */ = {isa = PBXFileReference; fileEncoding = 4; lastKnownFileType = file.storyboard; path = LaunchScreen.storyboard; sourceTree = "<group>"; };
		2267F2D91FB5D71A0074ABA4 /* Admon.app */ = {isa = PBXFileReference; explicitFileType = wrapper.application; includeInIndex = 0; path = Admon.app; sourceTree = BUILT_PRODUCTS_DIR; };
		2267F2DC1FB5D71A0074ABA4 /* AppDelegate.swift */ = {isa = PBXFileReference; lastKnownFileType = sourcecode.swift; path = AppDelegate.swift; sourceTree = "<group>"; };
		2267F2DE1FB5D71A0074ABA4 /* InitialViewController.swift */ = {isa = PBXFileReference; lastKnownFileType = sourcecode.swift; path = InitialViewController.swift; sourceTree = "<group>"; };
		2267F2E41FB5D71B0074ABA4 /* Admon.xcdatamodel */ = {isa = PBXFileReference; lastKnownFileType = wrapper.xcdatamodel; path = Admon.xcdatamodel; sourceTree = "<group>"; };
		2267F2E61FB5D71B0074ABA4 /* Assets.xcassets */ = {isa = PBXFileReference; lastKnownFileType = folder.assetcatalog; path = Assets.xcassets; sourceTree = "<group>"; };
		2267F2EB1FB5D71B0074ABA4 /* Info.plist */ = {isa = PBXFileReference; lastKnownFileType = text.plist.xml; path = Info.plist; sourceTree = "<group>"; };
		226F03251FB6CCB20099AD1E /* LoginViewController.swift */ = {isa = PBXFileReference; lastKnownFileType = sourcecode.swift; path = LoginViewController.swift; sourceTree = "<group>"; };
		226F03271FB6CCD30099AD1E /* RegisterViewController.swift */ = {isa = PBXFileReference; lastKnownFileType = sourcecode.swift; path = RegisterViewController.swift; sourceTree = "<group>"; };
		226F03291FB6CD720099AD1E /* PrincipalViewController.swift */ = {isa = PBXFileReference; lastKnownFileType = sourcecode.swift; path = PrincipalViewController.swift; sourceTree = "<group>"; };
		922071833D26ADA1C51B47A1 /* Pods-Admon.debug.xcconfig */ = {isa = PBXFileReference; includeInIndex = 1; lastKnownFileType = text.xcconfig; name = "Pods-Admon.debug.xcconfig"; path = "Pods/Target Support Files/Pods-Admon/Pods-Admon.debug.xcconfig"; sourceTree = "<group>"; };
		9B6310BD2A479135CAF83153 /* Pods-Admon.release.xcconfig */ = {isa = PBXFileReference; includeInIndex = 1; lastKnownFileType = text.xcconfig; name = "Pods-Admon.release.xcconfig"; path = "Pods/Target Support Files/Pods-Admon/Pods-Admon.release.xcconfig"; sourceTree = "<group>"; };
/* End PBXFileReference section */

/* Begin PBXFrameworksBuildPhase section */
		2267F2D61FB5D71A0074ABA4 /* Frameworks */ = {
			isa = PBXFrameworksBuildPhase;
			buildActionMask = 2147483647;
			files = (
				679E5850BDFC84081DBD76A9 /* Pods_Admon.framework in Frameworks */,
			);
			runOnlyForDeploymentPostprocessing = 0;
		};
/* End PBXFrameworksBuildPhase section */

/* Begin PBXGroup section */
		2267F2D01FB5D7190074ABA4 = {
			isa = PBXGroup;
			children = (
				2267F2DB1FB5D71A0074ABA4 /* Admon */,
				2267F2DA1FB5D71A0074ABA4 /* Products */,
				84A342A38D6214BD11A67137 /* Pods */,
				D9C56B1C833120C656E90480 /* Frameworks */,
			);
			sourceTree = "<group>";
		};
		2267F2DA1FB5D71A0074ABA4 /* Products */ = {
			isa = PBXGroup;
			children = (
				2267F2D91FB5D71A0074ABA4 /* Admon.app */,
			);
			name = Products;
			sourceTree = "<group>";
		};
		2267F2DB1FB5D71A0074ABA4 /* Admon */ = {
			isa = PBXGroup;
			children = (
				229B53241FB68B5200EEEDF6 /* Controllers */,
				229B53251FB68B6700EEEDF6 /* Utils */,
				229B53231FB68B4900EEEDF6 /* Views */,
				229B53221FB68B2200EEEDF6 /* Models */,
				2267F2DC1FB5D71A0074ABA4 /* AppDelegate.swift */,
				2267F2E61FB5D71B0074ABA4 /* Assets.xcassets */,
				2267F2EB1FB5D71B0074ABA4 /* Info.plist */,
				2267F2E31FB5D71B0074ABA4 /* Admon.xcdatamodeld */,
			);
			path = Admon;
			sourceTree = "<group>";
		};
		229B53221FB68B2200EEEDF6 /* Models */ = {
			isa = PBXGroup;
			children = (
				225B7DFB1FBDEFCF00842583 /* User.swift */,
				225B7DFF1FBDEFD000842583 /* User+CoreDataProperties.swift */,
				225B7DFC1FBDEFD000842583 /* Product.swift */,
				225B7E021FBDEFD000842583 /* Product+CoreDataProperties.swift */,
				225B7E001FBDEFD000842583 /* History.swift */,
				225B7E011FBDEFD000842583 /* History+CoreDataProperties.swift */,
				225B7DFD1FBDEFD000842583 /* List.swift */,
				225B7DFE1FBDEFD000842583 /* List+CoreDataProperties.swift */,
			);
			path = Models;
			sourceTree = "<group>";
		};
		229B53231FB68B4900EEEDF6 /* Views */ = {
			isa = PBXGroup;
			children = (
				2260E1871FB9AD6D00B0915B /* LaunchScreen.storyboard */,
				2260E1861FB9AD6D00B0915B /* Main.storyboard */,
			);
			path = Views;
			sourceTree = "<group>";
		};
		229B53241FB68B5200EEEDF6 /* Controllers */ = {
			isa = PBXGroup;
			children = (
				2267F2DE1FB5D71A0074ABA4 /* InitialViewController.swift */,
				226F03251FB6CCB20099AD1E /* LoginViewController.swift */,
				226F03271FB6CCD30099AD1E /* RegisterViewController.swift */,
				226F03291FB6CD720099AD1E /* PrincipalViewController.swift */,
				2260E1741FB9857A00B0915B /* ProductsTableViewController.swift */,
				2260E1761FB985A700B0915B /* AddProductView.swift */,
				2260E1781FB9866400B0915B /* UsersTableViewController.swift */,
				2260E17A1FB9890100B0915B /* NewUserViewController.swift */,
				2260E17C1FB9893900B0915B /* HistoryTableViewController.swift */,
				2260E17E1FB9897100B0915B /* SellProductsTableView.swift */,
				2260E1801FB9899A00B0915B /* ProductViewController.swift */,
				2260E1821FB98A0000B0915B /* SettingsViewController.swift */,
				2260E1841FB98A1300B0915B /* ClosureViewController.swift */,
			);
			path = Controllers;
			sourceTree = "<group>";
		};
		229B53251FB68B6700EEEDF6 /* Utils */ = {
			isa = PBXGroup;
			children = (
				22449C531FBAF97F00585691 /* ExtensionUIViewController.swift */,
			);
			path = Utils;
			sourceTree = "<group>";
		};
		84A342A38D6214BD11A67137 /* Pods */ = {
			isa = PBXGroup;
			children = (
				922071833D26ADA1C51B47A1 /* Pods-Admon.debug.xcconfig */,
				9B6310BD2A479135CAF83153 /* Pods-Admon.release.xcconfig */,
			);
			name = Pods;
			sourceTree = "<group>";
		};
		D9C56B1C833120C656E90480 /* Frameworks */ = {
			isa = PBXGroup;
			children = (
				01BD9C5F192EBDD5114DB3B1 /* Pods_Admon.framework */,
			);
			name = Frameworks;
			sourceTree = "<group>";
		};
/* End PBXGroup section */

/* Begin PBXNativeTarget section */
		2267F2D81FB5D71A0074ABA4 /* Admon */ = {
			isa = PBXNativeTarget;
			buildConfigurationList = 2267F2EE1FB5D71B0074ABA4 /* Build configuration list for PBXNativeTarget "Admon" */;
			buildPhases = (
				D3B5A4BCB5A4D46B9F889F11 /* [CP] Check Pods Manifest.lock */,
				2267F2D51FB5D71A0074ABA4 /* Sources */,
				2267F2D61FB5D71A0074ABA4 /* Frameworks */,
				2267F2D71FB5D71A0074ABA4 /* Resources */,
				707294BEAA9342EBA7D67A2F /* [CP] Embed Pods Frameworks */,
				4972A8D310387B9385333B58 /* [CP] Copy Pods Resources */,
			);
			buildRules = (
			);
			dependencies = (
			);
			name = Admon;
			productName = Admon;
			productReference = 2267F2D91FB5D71A0074ABA4 /* Admon.app */;
			productType = "com.apple.product-type.application";
		};
/* End PBXNativeTarget section */

/* Begin PBXProject section */
		2267F2D11FB5D7190074ABA4 /* Project object */ = {
			isa = PBXProject;
			attributes = {
				LastSwiftUpdateCheck = 0910;
				LastUpgradeCheck = 0910;
				ORGANIZATIONNAME = "Vicente Cantu Garcia";
				TargetAttributes = {
					2267F2D81FB5D71A0074ABA4 = {
						CreatedOnToolsVersion = 9.1;
						ProvisioningStyle = Automatic;
					};
				};
			};
			buildConfigurationList = 2267F2D41FB5D7190074ABA4 /* Build configuration list for PBXProject "Admon" */;
			compatibilityVersion = "Xcode 8.0";
			developmentRegion = en;
			hasScannedForEncodings = 0;
			knownRegions = (
				en,
				Base,
			);
			mainGroup = 2267F2D01FB5D7190074ABA4;
			productRefGroup = 2267F2DA1FB5D71A0074ABA4 /* Products */;
			projectDirPath = "";
			projectRoot = "";
			targets = (
				2267F2D81FB5D71A0074ABA4 /* Admon */,
			);
		};
/* End PBXProject section */

/* Begin PBXResourcesBuildPhase section */
		2267F2D71FB5D71A0074ABA4 /* Resources */ = {
			isa = PBXResourcesBuildPhase;
			buildActionMask = 2147483647;
			files = (
				2267F2E71FB5D71B0074ABA4 /* Assets.xcassets in Resources */,
				2260E1891FB9AD6E00B0915B /* LaunchScreen.storyboard in Resources */,
				2260E1881FB9AD6E00B0915B /* Main.storyboard in Resources */,
			);
			runOnlyForDeploymentPostprocessing = 0;
		};
/* End PBXResourcesBuildPhase section */

/* Begin PBXShellScriptBuildPhase section */
		4972A8D310387B9385333B58 /* [CP] Copy Pods Resources */ = {
			isa = PBXShellScriptBuildPhase;
			buildActionMask = 2147483647;
			files = (
			);
			inputPaths = (
			);
			name = "[CP] Copy Pods Resources";
			outputPaths = (
			);
			runOnlyForDeploymentPostprocessing = 0;
			shellPath = /bin/sh;
			shellScript = "\"${SRCROOT}/Pods/Target Support Files/Pods-Admon/Pods-Admon-resources.sh\"\n";
			showEnvVarsInLog = 0;
		};
		707294BEAA9342EBA7D67A2F /* [CP] Embed Pods Frameworks */ = {
			isa = PBXShellScriptBuildPhase;
			buildActionMask = 2147483647;
			files = (
			);
			inputPaths = (
				"${SRCROOT}/Pods/Target Support Files/Pods-Admon/Pods-Admon-frameworks.sh",
				"${BUILT_PRODUCTS_DIR}/Onboard/Onboard.framework",
				"${BUILT_PRODUCTS_DIR}/TextFieldEffects/TextFieldEffects.framework",
				"${BUILT_PRODUCTS_DIR}/Timepiece/Timepiece.framework",
			);
			name = "[CP] Embed Pods Frameworks";
			outputPaths = (
				"${TARGET_BUILD_DIR}/${FRAMEWORKS_FOLDER_PATH}/Onboard.framework",
				"${TARGET_BUILD_DIR}/${FRAMEWORKS_FOLDER_PATH}/TextFieldEffects.framework",
				"${TARGET_BUILD_DIR}/${FRAMEWORKS_FOLDER_PATH}/Timepiece.framework",
			);
			runOnlyForDeploymentPostprocessing = 0;
			shellPath = /bin/sh;
			shellScript = "\"${SRCROOT}/Pods/Target Support Files/Pods-Admon/Pods-Admon-frameworks.sh\"\n";
			showEnvVarsInLog = 0;
		};
		D3B5A4BCB5A4D46B9F889F11 /* [CP] Check Pods Manifest.lock */ = {
			isa = PBXShellScriptBuildPhase;
			buildActionMask = 2147483647;
			files = (
			);
			inputPaths = (
				"${PODS_PODFILE_DIR_PATH}/Podfile.lock",
				"${PODS_ROOT}/Manifest.lock",
			);
			name = "[CP] Check Pods Manifest.lock";
			outputPaths = (
				"$(DERIVED_FILE_DIR)/Pods-Admon-checkManifestLockResult.txt",
			);
			runOnlyForDeploymentPostprocessing = 0;
			shellPath = /bin/sh;
			shellScript = "diff \"${PODS_PODFILE_DIR_PATH}/Podfile.lock\" \"${PODS_ROOT}/Manifest.lock\" > /dev/null\nif [ $? != 0 ] ; then\n    # print error to STDERR\n    echo \"error: The sandbox is not in sync with the Podfile.lock. Run 'pod install' or update your CocoaPods installation.\" >&2\n    exit 1\nfi\n# This output is used by Xcode 'outputs' to avoid re-running this script phase.\necho \"SUCCESS\" > \"${SCRIPT_OUTPUT_FILE_0}\"\n";
			showEnvVarsInLog = 0;
		};
/* End PBXShellScriptBuildPhase section */

/* Begin PBXSourcesBuildPhase section */
		2267F2D51FB5D71A0074ABA4 /* Sources */ = {
			isa = PBXSourcesBuildPhase;
			buildActionMask = 2147483647;
			files = (
				22449C541FBAF97F00585691 /* ExtensionUIViewController.swift in Sources */,
				2260E1811FB9899A00B0915B /* ProductViewController.swift in Sources */,
				2260E1751FB9857A00B0915B /* ProductsTableViewController.swift in Sources */,
				226F03261FB6CCB20099AD1E /* LoginViewController.swift in Sources */,
				2260E17B1FB9890100B0915B /* NewUserViewController.swift in Sources */,
				2260E1791FB9866400B0915B /* UsersTableViewController.swift in Sources */,
				225B7E051FBDEFD000842583 /* List.swift in Sources */,
				225B7E091FBDEFD000842583 /* History+CoreDataProperties.swift in Sources */,
				226F03281FB6CCD30099AD1E /* RegisterViewController.swift in Sources */,
				2267F2DF1FB5D71A0074ABA4 /* InitialViewController.swift in Sources */,
				2260E1771FB985A700B0915B /* AddProductView.swift in Sources */,
				226F032A1FB6CD720099AD1E /* PrincipalViewController.swift in Sources */,
				225B7E041FBDEFD000842583 /* Product.swift in Sources */,
				2260E1831FB98A0000B0915B /* SettingsViewController.swift in Sources */,
				225B7E0A1FBDEFD000842583 /* Product+CoreDataProperties.swift in Sources */,
				2260E17D1FB9893900B0915B /* HistoryTableViewController.swift in Sources */,
				225B7E081FBDEFD000842583 /* History.swift in Sources */,
				2260E17F1FB9897100B0915B /* SellProductsTableView.swift in Sources */,
				225B7E031FBDEFD000842583 /* User.swift in Sources */,
				2260E1851FB98A1300B0915B /* ClosureViewController.swift in Sources */,
				225B7E071FBDEFD000842583 /* User+CoreDataProperties.swift in Sources */,
				2267F2E51FB5D71B0074ABA4 /* Admon.xcdatamodeld in Sources */,
				225B7E061FBDEFD000842583 /* List+CoreDataProperties.swift in Sources */,
				2267F2DD1FB5D71A0074ABA4 /* AppDelegate.swift in Sources */,
			);
			runOnlyForDeploymentPostprocessing = 0;
		};
/* End PBXSourcesBuildPhase section */

/* Begin XCBuildConfiguration section */
		2267F2EC1FB5D71B0074ABA4 /* Debug */ = {
			isa = XCBuildConfiguration;
			buildSettings = {
				ALWAYS_SEARCH_USER_PATHS = NO;
				CLANG_ANALYZER_NONNULL = YES;
				CLANG_ANALYZER_NUMBER_OBJECT_CONVERSION = YES_AGGRESSIVE;
				CLANG_CXX_LANGUAGE_STANDARD = "gnu++14";
				CLANG_CXX_LIBRARY = "libc++";
				CLANG_ENABLE_MODULES = YES;
				CLANG_ENABLE_OBJC_ARC = YES;
				CLANG_WARN_BLOCK_CAPTURE_AUTORELEASING = YES;
				CLANG_WARN_BOOL_CONVERSION = YES;
				CLANG_WARN_COMMA = YES;
				CLANG_WARN_CONSTANT_CONVERSION = YES;
				CLANG_WARN_DIRECT_OBJC_ISA_USAGE = YES_ERROR;
				CLANG_WARN_DOCUMENTATION_COMMENTS = YES;
				CLANG_WARN_EMPTY_BODY = YES;
				CLANG_WARN_ENUM_CONVERSION = YES;
				CLANG_WARN_INFINITE_RECURSION = YES;
				CLANG_WARN_INT_CONVERSION = YES;
				CLANG_WARN_NON_LITERAL_NULL_CONVERSION = YES;
				CLANG_WARN_OBJC_LITERAL_CONVERSION = YES;
				CLANG_WARN_OBJC_ROOT_CLASS = YES_ERROR;
				CLANG_WARN_RANGE_LOOP_ANALYSIS = YES;
				CLANG_WARN_STRICT_PROTOTYPES = YES;
				CLANG_WARN_SUSPICIOUS_MOVE = YES;
				CLANG_WARN_UNGUARDED_AVAILABILITY = YES_AGGRESSIVE;
				CLANG_WARN_UNREACHABLE_CODE = YES;
				CLANG_WARN__DUPLICATE_METHOD_MATCH = YES;
				CODE_SIGN_IDENTITY = "iPhone Developer";
				COPY_PHASE_STRIP = NO;
				DEBUG_INFORMATION_FORMAT = dwarf;
				ENABLE_STRICT_OBJC_MSGSEND = YES;
				ENABLE_TESTABILITY = YES;
				GCC_C_LANGUAGE_STANDARD = gnu11;
				GCC_DYNAMIC_NO_PIC = NO;
				GCC_NO_COMMON_BLOCKS = YES;
				GCC_OPTIMIZATION_LEVEL = 0;
				GCC_PREPROCESSOR_DEFINITIONS = (
					"DEBUG=1",
					"$(inherited)",
				);
				GCC_WARN_64_TO_32_BIT_CONVERSION = YES;
				GCC_WARN_ABOUT_RETURN_TYPE = YES_ERROR;
				GCC_WARN_UNDECLARED_SELECTOR = YES;
				GCC_WARN_UNINITIALIZED_AUTOS = YES_AGGRESSIVE;
				GCC_WARN_UNUSED_FUNCTION = YES;
				GCC_WARN_UNUSED_VARIABLE = YES;
				IPHONEOS_DEPLOYMENT_TARGET = 11.1;
				MTL_ENABLE_DEBUG_INFO = YES;
				ONLY_ACTIVE_ARCH = YES;
				SDKROOT = iphoneos;
				SWIFT_ACTIVE_COMPILATION_CONDITIONS = DEBUG;
				SWIFT_OPTIMIZATION_LEVEL = "-Onone";
			};
			name = Debug;
		};
		2267F2ED1FB5D71B0074ABA4 /* Release */ = {
			isa = XCBuildConfiguration;
			buildSettings = {
				ALWAYS_SEARCH_USER_PATHS = NO;
				CLANG_ANALYZER_NONNULL = YES;
				CLANG_ANALYZER_NUMBER_OBJECT_CONVERSION = YES_AGGRESSIVE;
				CLANG_CXX_LANGUAGE_STANDARD = "gnu++14";
				CLANG_CXX_LIBRARY = "libc++";
				CLANG_ENABLE_MODULES = YES;
				CLANG_ENABLE_OBJC_ARC = YES;
				CLANG_WARN_BLOCK_CAPTURE_AUTORELEASING = YES;
				CLANG_WARN_BOOL_CONVERSION = YES;
				CLANG_WARN_COMMA = YES;
				CLANG_WARN_CONSTANT_CONVERSION = YES;
				CLANG_WARN_DIRECT_OBJC_ISA_USAGE = YES_ERROR;
				CLANG_WARN_DOCUMENTATION_COMMENTS = YES;
				CLANG_WARN_EMPTY_BODY = YES;
				CLANG_WARN_ENUM_CONVERSION = YES;
				CLANG_WARN_INFINITE_RECURSION = YES;
				CLANG_WARN_INT_CONVERSION = YES;
				CLANG_WARN_NON_LITERAL_NULL_CONVERSION = YES;
				CLANG_WARN_OBJC_LITERAL_CONVERSION = YES;
				CLANG_WARN_OBJC_ROOT_CLASS = YES_ERROR;
				CLANG_WARN_RANGE_LOOP_ANALYSIS = YES;
				CLANG_WARN_STRICT_PROTOTYPES = YES;
				CLANG_WARN_SUSPICIOUS_MOVE = YES;
				CLANG_WARN_UNGUARDED_AVAILABILITY = YES_AGGRESSIVE;
				CLANG_WARN_UNREACHABLE_CODE = YES;
				CLANG_WARN__DUPLICATE_METHOD_MATCH = YES;
				CODE_SIGN_IDENTITY = "iPhone Developer";
				COPY_PHASE_STRIP = NO;
				DEBUG_INFORMATION_FORMAT = "dwarf-with-dsym";
				ENABLE_NS_ASSERTIONS = NO;
				ENABLE_STRICT_OBJC_MSGSEND = YES;
				GCC_C_LANGUAGE_STANDARD = gnu11;
				GCC_NO_COMMON_BLOCKS = YES;
				GCC_WARN_64_TO_32_BIT_CONVERSION = YES;
				GCC_WARN_ABOUT_RETURN_TYPE = YES_ERROR;
				GCC_WARN_UNDECLARED_SELECTOR = YES;
				GCC_WARN_UNINITIALIZED_AUTOS = YES_AGGRESSIVE;
				GCC_WARN_UNUSED_FUNCTION = YES;
				GCC_WARN_UNUSED_VARIABLE = YES;
				IPHONEOS_DEPLOYMENT_TARGET = 11.1;
				MTL_ENABLE_DEBUG_INFO = NO;
				SDKROOT = iphoneos;
				SWIFT_OPTIMIZATION_LEVEL = "-Owholemodule";
				VALIDATE_PRODUCT = YES;
			};
			name = Release;
		};
		2267F2EF1FB5D71B0074ABA4 /* Debug */ = {
			isa = XCBuildConfiguration;
			baseConfigurationReference = 922071833D26ADA1C51B47A1 /* Pods-Admon.debug.xcconfig */;
			buildSettings = {
				ASSETCATALOG_COMPILER_APPICON_NAME = AppIcon;
				CODE_SIGN_STYLE = Automatic;
				DEVELOPMENT_TEAM = 8P47JR3FHB;
				INFOPLIST_FILE = Admon/Info.plist;
				IPHONEOS_DEPLOYMENT_TARGET = 11.0;
				LD_RUNPATH_SEARCH_PATHS = "$(inherited) @executable_path/Frameworks";
				PRODUCT_BUNDLE_IDENTIFIER = com.vicentesiis.Admon;
				PRODUCT_NAME = "$(TARGET_NAME)";
				SWIFT_VERSION = 4.0;
				TARGETED_DEVICE_FAMILY = "1,2";
			};
			name = Debug;
		};
		2267F2F01FB5D71B0074ABA4 /* Release */ = {
			isa = XCBuildConfiguration;
			baseConfigurationReference = 9B6310BD2A479135CAF83153 /* Pods-Admon.release.xcconfig */;
			buildSettings = {
				ASSETCATALOG_COMPILER_APPICON_NAME = AppIcon;
				CODE_SIGN_STYLE = Automatic;
				DEVELOPMENT_TEAM = 8P47JR3FHB;
				INFOPLIST_FILE = Admon/Info.plist;
				IPHONEOS_DEPLOYMENT_TARGET = 11.0;
				LD_RUNPATH_SEARCH_PATHS = "$(inherited) @executable_path/Frameworks";
				PRODUCT_BUNDLE_IDENTIFIER = com.vicentesiis.Admon;
				PRODUCT_NAME = "$(TARGET_NAME)";
				SWIFT_VERSION = 4.0;
				TARGETED_DEVICE_FAMILY = "1,2";
			};
			name = Release;
		};
/* End XCBuildConfiguration section */

/* Begin XCConfigurationList section */
		2267F2D41FB5D7190074ABA4 /* Build configuration list for PBXProject "Admon" */ = {
			isa = XCConfigurationList;
			buildConfigurations = (
				2267F2EC1FB5D71B0074ABA4 /* Debug */,
				2267F2ED1FB5D71B0074ABA4 /* Release */,
			);
			defaultConfigurationIsVisible = 0;
			defaultConfigurationName = Release;
		};
		2267F2EE1FB5D71B0074ABA4 /* Build configuration list for PBXNativeTarget "Admon" */ = {
			isa = XCConfigurationList;
			buildConfigurations = (
				2267F2EF1FB5D71B0074ABA4 /* Debug */,
				2267F2F01FB5D71B0074ABA4 /* Release */,
			);
			defaultConfigurationIsVisible = 0;
			defaultConfigurationName = Release;
		};
/* End XCConfigurationList section */

/* Begin XCVersionGroup section */
		2267F2E31FB5D71B0074ABA4 /* Admon.xcdatamodeld */ = {
			isa = XCVersionGroup;
			children = (
				2267F2E41FB5D71B0074ABA4 /* Admon.xcdatamodel */,
			);
			currentVersion = 2267F2E41FB5D71B0074ABA4 /* Admon.xcdatamodel */;
			path = Admon.xcdatamodeld;
			sourceTree = "<group>";
			versionGroupType = wrapper.xcdatamodel;
		};
/* End XCVersionGroup section */
	};
	rootObject = 2267F2D11FB5D7190074ABA4 /* Project object */;
}
