// !$*UTF8*$!
{
	archiveVersion = 1;
	classes = {
	};
	objectVersion = 48;
	objects = {

/* Begin PBXBuildFile section */
		2267F2DD1FB5D71A0074ABA4 /* AppDelegate.swift in Sources */ = {isa = PBXBuildFile; fileRef = 2267F2DC1FB5D71A0074ABA4 /* AppDelegate.swift */; };
		2267F2DF1FB5D71A0074ABA4 /* ViewController.swift in Sources */ = {isa = PBXBuildFile; fileRef = 2267F2DE1FB5D71A0074ABA4 /* ViewController.swift */; };
		2267F2E21FB5D71B0074ABA4 /* Main.storyboard in Resources */ = {isa = PBXBuildFile; fileRef = 2267F2E01FB5D71B0074ABA4 /* Main.storyboard */; };
		2267F2E51FB5D71B0074ABA4 /* Admon.xcdatamodeld in Sources */ = {isa = PBXBuildFile; fileRef = 2267F2E31FB5D71B0074ABA4 /* Admon.xcdatamodeld */; };
		2267F2E71FB5D71B0074ABA4 /* Assets.xcassets in Resources */ = {isa = PBXBuildFile; fileRef = 2267F2E61FB5D71B0074ABA4 /* Assets.xcassets */; };
		2267F2EA1FB5D71B0074ABA4 /* LaunchScreen.storyboard in Resources */ = {isa = PBXBuildFile; fileRef = 2267F2E81FB5D71B0074ABA4 /* LaunchScreen.storyboard */; };
/* End PBXBuildFile section */

/* Begin PBXFileReference section */
		2267F2D91FB5D71A0074ABA4 /* Admon.app */ = {isa = PBXFileReference; explicitFileType = wrapper.application; includeInIndex = 0; path = Admon.app; sourceTree = BUILT_PRODUCTS_DIR; };
		2267F2DC1FB5D71A0074ABA4 /* AppDelegate.swift */ = {isa = PBXFileReference; lastKnownFileType = sourcecode.swift; path = AppDelegate.swift; sourceTree = "<group>"; };
		2267F2DE1FB5D71A0074ABA4 /* ViewController.swift */ = {isa = PBXFileReference; lastKnownFileType = sourcecode.swift; path = ViewController.swift; sourceTree = "<group>"; };
		2267F2E11FB5D71B0074ABA4 /* Base */ = {isa = PBXFileReference; lastKnownFileType = file.storyboard; name = Base; path = Base.lproj/Main.storyboard; sourceTree = "<group>"; };
		2267F2E41FB5D71B0074ABA4 /* Admon.xcdatamodel */ = {isa = PBXFileReference; lastKnownFileType = wrapper.xcdatamodel; path = Admon.xcdatamodel; sourceTree = "<group>"; };
		2267F2E61FB5D71B0074ABA4 /* Assets.xcassets */ = {isa = PBXFileReference; lastKnownFileType = folder.assetcatalog; path = Assets.xcassets; sourceTree = "<group>"; };
		2267F2E91FB5D71B0074ABA4 /* Base */ = {isa = PBXFileReference; lastKnownFileType = file.storyboard; name = Base; path = Base.lproj/LaunchScreen.storyboard; sourceTree = "<group>"; };
		2267F2EB1FB5D71B0074ABA4 /* Info.plist */ = {isa = PBXFileReference; lastKnownFileType = text.plist.xml; path = Info.plist; sourceTree = "<group>"; };
/* End PBXFileReference section */

/* Begin PBXFrameworksBuildPhase section */
		2267F2D61FB5D71A0074ABA4 /* Frameworks */ = {
			isa = PBXFrameworksBuildPhase;
			buildActionMask = 2147483647;
			files = (
			);
			runOnlyForDeploymentPostprocessing = 0;
		};
/* End PBXFrameworksBuildPhase section */

/* Begin PBXGroup section */
		2267F2D01FB5D7190074ABA4 = {
			isa = PBXGroup;
			children = (
				2267F2DB1FB5D71A0074ABA4 /* Admon */,
				2267F2DA1FB5D71A0074ABA4 /* Products */,
			);
			sourceTree = "<group>";
		};
		2267F2DA1FB5D71A0074ABA4 /* Products */ = {
			isa = PBXGroup;
			children = (
				2267F2D91FB5D71A0074ABA4 /* Admon.app */,
			);
			name = Products;
			sourceTree = "<group>";
		};
		2267F2DB1FB5D71A0074ABA4 /* Admon */ = {
			isa = PBXGroup;
			children = (
				2267F2DC1FB5D71A0074ABA4 /* AppDelegate.swift */,
				2267F2DE1FB5D71A0074ABA4 /* ViewController.swift */,
				2267F2E01FB5D71B0074ABA4 /* Main.storyboard */,
				2267F2E61FB5D71B0074ABA4 /* Assets.xcassets */,
				2267F2E81FB5D71B0074ABA4 /* LaunchScreen.storyboard */,
				2267F2EB1FB5D71B0074ABA4 /* Info.plist */,
				2267F2E31FB5D71B0074ABA4 /* Admon.xcdatamodeld */,
			);
			path = Admon;
			sourceTree = "<group>";
		};
/* End PBXGroup section */

/* Begin PBXNativeTarget section */
		2267F2D81FB5D71A0074ABA4 /* Admon */ = {
			isa = PBXNativeTarget;
			buildConfigurationList = 2267F2EE1FB5D71B0074ABA4 /* Build configuration list for PBXNativeTarget "Admon" */;
			buildPhases = (
				2267F2D51FB5D71A0074ABA4 /* Sources */,
				2267F2D61FB5D71A0074ABA4 /* Frameworks */,
				2267F2D71FB5D71A0074ABA4 /* Resources */,
			);
			buildRules = (
			);
			dependencies = (
			);
			name = Admon;
			productName = Admon;
			productReference = 2267F2D91FB5D71A0074ABA4 /* Admon.app */;
			productType = "com.apple.product-type.application";
		};
/* End PBXNativeTarget section */

/* Begin PBXProject section */
		2267F2D11FB5D7190074ABA4 /* Project object */ = {
			isa = PBXProject;
			attributes = {
				LastSwiftUpdateCheck = 0910;
				LastUpgradeCheck = 0910;
				ORGANIZATIONNAME = "Vicente Cantu Garcia";
				TargetAttributes = {
					2267F2D81FB5D71A0074ABA4 = {
						CreatedOnToolsVersion = 9.1;
						ProvisioningStyle = Automatic;
					};
				};
			};
			buildConfigurationList = 2267F2D41FB5D7190074ABA4 /* Build configuration list for PBXProject "Admon" */;
			compatibilityVersion = "Xcode 8.0";
			developmentRegion = en;
			hasScannedForEncodings = 0;
			knownRegions = (
				en,
				Base,
			);
			mainGroup = 2267F2D01FB5D7190074ABA4;
			productRefGroup = 2267F2DA1FB5D71A0074ABA4 /* Products */;
			projectDirPath = "";
			projectRoot = "";
			targets = (
				2267F2D81FB5D71A0074ABA4 /* Admon */,
			);
		};
/* End PBXProject section */

/* Begin PBXResourcesBuildPhase section */
		2267F2D71FB5D71A0074ABA4 /* Resources */ = {
			isa = PBXResourcesBuildPhase;
			buildActionMask = 2147483647;
			files = (
				2267F2EA1FB5D71B0074ABA4 /* LaunchScreen.storyboard in Resources */,
				2267F2E71FB5D71B0074ABA4 /* Assets.xcassets in Resources */,
				2267F2E21FB5D71B0074ABA4 /* Main.storyboard in Resources */,
			);
			runOnlyForDeploymentPostprocessing = 0;
		};
/* End PBXResourcesBuildPhase section */

/* Begin PBXSourcesBuildPhase section */
		2267F2D51FB5D71A0074ABA4 /* Sources */ = {
			isa = PBXSourcesBuildPhase;
			buildActionMask = 2147483647;
			files = (
				2267F2DF1FB5D71A0074ABA4 /* ViewController.swift in Sources */,
				2267F2E51FB5D71B0074ABA4 /* Admon.xcdatamodeld in Sources */,
				2267F2DD1FB5D71A0074ABA4 /* AppDelegate.swift in Sources */,
			);
			runOnlyForDeploymentPostprocessing = 0;
		};
/* End PBXSourcesBuildPhase section */

/* Begin PBXVariantGroup section */
		2267F2E01FB5D71B0074ABA4 /* Main.storyboard */ = {
			isa = PBXVariantGroup;
			children = (
				2267F2E11FB5D71B0074ABA4 /* Base */,
			);
			name = Main.storyboard;
			sourceTree = "<group>";
		};
		2267F2E81FB5D71B0074ABA4 /* LaunchScreen.storyboard */ = {
			isa = PBXVariantGroup;
			children = (
				2267F2E91FB5D71B0074ABA4 /* Base */,
			);
			name = LaunchScreen.storyboard;
			sourceTree = "<group>";
		};
/* End PBXVariantGroup section */

/* Begin XCBuildConfiguration section */
		2267F2EC1FB5D71B0074ABA4 /* Debug */ = {
			isa = XCBuildConfiguration;
			buildSettings = {
				ALWAYS_SEARCH_USER_PATHS = NO;
				CLANG_ANALYZER_NONNULL = YES;
				CLANG_ANALYZER_NUMBER_OBJECT_CONVERSION = YES_AGGRESSIVE;
				CLANG_CXX_LANGUAGE_STANDARD = "gnu++14";
				CLANG_CXX_LIBRARY = "libc++";
				CLANG_ENABLE_MODULES = YES;
				CLANG_ENABLE_OBJC_ARC = YES;
				CLANG_WARN_BLOCK_CAPTURE_AUTORELEASING = YES;
				CLANG_WARN_BOOL_CONVERSION = YES;
				CLANG_WARN_COMMA = YES;
				CLANG_WARN_CONSTANT_CONVERSION = YES;
				CLANG_WARN_DIRECT_OBJC_ISA_USAGE = YES_ERROR;
				CLANG_WARN_DOCUMENTATION_COMMENTS = YES;
				CLANG_WARN_EMPTY_BODY = YES;
				CLANG_WARN_ENUM_CONVERSION = YES;
				CLANG_WARN_INFINITE_RECURSION = YES;
				CLANG_WARN_INT_CONVERSION = YES;
				CLANG_WARN_NON_LITERAL_NULL_CONVERSION = YES;
				CLANG_WARN_OBJC_LITERAL_CONVERSION = YES;
				CLANG_WARN_OBJC_ROOT_CLASS = YES_ERROR;
				CLANG_WARN_RANGE_LOOP_ANALYSIS = YES;
				CLANG_WARN_STRICT_PROTOTYPES = YES;
				CLANG_WARN_SUSPICIOUS_MOVE = YES;
				CLANG_WARN_UNGUARDED_AVAILABILITY = YES_AGGRESSIVE;
				CLANG_WARN_UNREACHABLE_CODE = YES;
				CLANG_WARN__DUPLICATE_METHOD_MATCH = YES;
				CODE_SIGN_IDENTITY = "iPhone Developer";
				COPY_PHASE_STRIP = NO;
				DEBUG_INFORMATION_FORMAT = dwarf;
				ENABLE_STRICT_OBJC_MSGSEND = YES;
				ENABLE_TESTABILITY = YES;
				GCC_C_LANGUAGE_STANDARD = gnu11;
				GCC_DYNAMIC_NO_PIC = NO;
				GCC_NO_COMMON_BLOCKS = YES;
				GCC_OPTIMIZATION_LEVEL = 0;
				GCC_PREPROCESSOR_DEFINITIONS = (
					"DEBUG=1",
					"$(inherited)",
				);
				GCC_WARN_64_TO_32_BIT_CONVERSION = YES;
				GCC_WARN_ABOUT_RETURN_TYPE = YES_ERROR;
				GCC_WARN_UNDECLARED_SELECTOR = YES;
				GCC_WARN_UNINITIALIZED_AUTOS = YES_AGGRESSIVE;
				GCC_WARN_UNUSED_FUNCTION = YES;
				GCC_WARN_UNUSED_VARIABLE = YES;
				IPHONEOS_DEPLOYMENT_TARGET = 11.1;
				MTL_ENABLE_DEBUG_INFO = YES;
				ONLY_ACTIVE_ARCH = YES;
				SDKROOT = iphoneos;
				SWIFT_ACTIVE_COMPILATION_CONDITIONS = DEBUG;
				SWIFT_OPTIMIZATION_LEVEL = "-Onone";
			};
			name = Debug;
		};
		2267F2ED1FB5D71B0074ABA4 /* Release */ = {
			isa = XCBuildConfiguration;
			buildSettings = {
				ALWAYS_SEARCH_USER_PATHS = NO;
				CLANG_ANALYZER_NONNULL = YES;
				CLANG_ANALYZER_NUMBER_OBJECT_CONVERSION = YES_AGGRESSIVE;
				CLANG_CXX_LANGUAGE_STANDARD = "gnu++14";
				CLANG_CXX_LIBRARY = "libc++";
				CLANG_ENABLE_MODULES = YES;
				CLANG_ENABLE_OBJC_ARC = YES;
				CLANG_WARN_BLOCK_CAPTURE_AUTORELEASING = YES;
				CLANG_WARN_BOOL_CONVERSION = YES;
				CLANG_WARN_COMMA = YES;
				CLANG_WARN_CONSTANT_CONVERSION = YES;
				CLANG_WARN_DIRECT_OBJC_ISA_USAGE = YES_ERROR;
				CLANG_WARN_DOCUMENTATION_COMMENTS = YES;
				CLANG_WARN_EMPTY_BODY = YES;
				CLANG_WARN_ENUM_CONVERSION = YES;
				CLANG_WARN_INFINITE_RECURSION = YES;
				CLANG_WARN_INT_CONVERSION = YES;
				CLANG_WARN_NON_LITERAL_NULL_CONVERSION = YES;
				CLANG_WARN_OBJC_LITERAL_CONVERSION = YES;
				CLANG_WARN_OBJC_ROOT_CLASS = YES_ERROR;
				CLANG_WARN_RANGE_LOOP_ANALYSIS = YES;
				CLANG_WARN_STRICT_PROTOTYPES = YES;
				CLANG_WARN_SUSPICIOUS_MOVE = YES;
				CLANG_WARN_UNGUARDED_AVAILABILITY = YES_AGGRESSIVE;
				CLANG_WARN_UNREACHABLE_CODE = YES;
				CLANG_WARN__DUPLICATE_METHOD_MATCH = YES;
				CODE_SIGN_IDENTITY = "iPhone Developer";
				COPY_PHASE_STRIP = NO;
				DEBUG_INFORMATION_FORMAT = "dwarf-with-dsym";
				ENABLE_NS_ASSERTIONS = NO;
				ENABLE_STRICT_OBJC_MSGSEND = YES;
				GCC_C_LANGUAGE_STANDARD = gnu11;
				GCC_NO_COMMON_BLOCKS = YES;
				GCC_WARN_64_TO_32_BIT_CONVERSION = YES;
				GCC_WARN_ABOUT_RETURN_TYPE = YES_ERROR;
				GCC_WARN_UNDECLARED_SELECTOR = YES;
				GCC_WARN_UNINITIALIZED_AUTOS = YES_AGGRESSIVE;
				GCC_WARN_UNUSED_FUNCTION = YES;
				GCC_WARN_UNUSED_VARIABLE = YES;
				IPHONEOS_DEPLOYMENT_TARGET = 11.1;
				MTL_ENABLE_DEBUG_INFO = NO;
				SDKROOT = iphoneos;
				SWIFT_OPTIMIZATION_LEVEL = "-Owholemodule";
				VALIDATE_PRODUCT = YES;
			};
			name = Release;
		};
		2267F2EF1FB5D71B0074ABA4 /* Debug */ = {
			isa = XCBuildConfiguration;
			buildSettings = {
				ASSETCATALOG_COMPILER_APPICON_NAME = AppIcon;
				CODE_SIGN_STYLE = Automatic;
				DEVELOPMENT_TEAM = 8P47JR3FHB;
				INFOPLIST_FILE = Admon/Info.plist;
				LD_RUNPATH_SEARCH_PATHS = "$(inherited) @executable_path/Frameworks";
				PRODUCT_BUNDLE_IDENTIFIER = com.vicentesiis.Admon;
				PRODUCT_NAME = "$(TARGET_NAME)";
				SWIFT_VERSION = 4.0;
				TARGETED_DEVICE_FAMILY = "1,2";
			};
			name = Debug;
		};
		2267F2F01FB5D71B0074ABA4 /* Release */ = {
			isa = XCBuildConfiguration;
			buildSettings = {
				ASSETCATALOG_COMPILER_APPICON_NAME = AppIcon;
				CODE_SIGN_STYLE = Automatic;
				DEVELOPMENT_TEAM = 8P47JR3FHB;
				INFOPLIST_FILE = Admon/Info.plist;
				LD_RUNPATH_SEARCH_PATHS = "$(inherited) @executable_path/Frameworks";
				PRODUCT_BUNDLE_IDENTIFIER = com.vicentesiis.Admon;
				PRODUCT_NAME = "$(TARGET_NAME)";
				SWIFT_VERSION = 4.0;
				TARGETED_DEVICE_FAMILY = "1,2";
			};
			name = Release;
		};
/* End XCBuildConfiguration section */

/* Begin XCConfigurationList section */
		2267F2D41FB5D7190074ABA4 /* Build configuration list for PBXProject "Admon" */ = {
			isa = XCConfigurationList;
			buildConfigurations = (
				2267F2EC1FB5D71B0074ABA4 /* Debug */,
				2267F2ED1FB5D71B0074ABA4 /* Release */,
			);
			defaultConfigurationIsVisible = 0;
			defaultConfigurationName = Release;
		};
		2267F2EE1FB5D71B0074ABA4 /* Build configuration list for PBXNativeTarget "Admon" */ = {
			isa = XCConfigurationList;
			buildConfigurations = (
				2267F2EF1FB5D71B0074ABA4 /* Debug */,
				2267F2F01FB5D71B0074ABA4 /* Release */,
			);
			defaultConfigurationIsVisible = 0;
			defaultConfigurationName = Release;
		};
/* End XCConfigurationList section */

/* Begin XCVersionGroup section */
		2267F2E31FB5D71B0074ABA4 /* Admon.xcdatamodeld */ = {
			isa = XCVersionGroup;
			children = (
				2267F2E41FB5D71B0074ABA4 /* Admon.xcdatamodel */,
			);
			currentVersion = 2267F2E41FB5D71B0074ABA4 /* Admon.xcdatamodel */;
			path = Admon.xcdatamodeld;
			sourceTree = "<group>";
			versionGroupType = wrapper.xcdatamodel;
		};
/* End XCVersionGroup section */
	};
	rootObject = 2267F2D11FB5D7190074ABA4 /* Project object */;
}
